// !$*UTF8*$!
{
	archiveVersion = 1;
	classes = {
	};
	objectVersion = 50;
	objects = {

/* Begin PBXBuildFile section */
		92A2A0C6217D074F00EDF5DB /* Lucene__.hpp in Headers */ = {isa = PBXBuildFile; fileRef = 92A2A0C5217D074F00EDF5DB /* Lucene__.hpp */; };
		92A2A0C8217D074F00EDF5DB /* Lucene__Priv.hpp in Headers */ = {isa = PBXBuildFile; fileRef = 92A2A0C7217D074F00EDF5DB /* Lucene__Priv.hpp */; };
		92A2A0CA217D074F00EDF5DB /* Lucene__.cpp in Sources */ = {isa = PBXBuildFile; fileRef = 92A2A0C9217D074F00EDF5DB /* Lucene__.cpp */; };
/* End PBXBuildFile section */

/* Begin PBXFileReference section */
		92A2A0C2217D074F00EDF5DB /* libLucene++.a */ = {isa = PBXFileReference; explicitFileType = archive.ar; includeInIndex = 0; path = "libLucene++.a"; sourceTree = BUILT_PRODUCTS_DIR; };
		92A2A0C5217D074F00EDF5DB /* Lucene__.hpp */ = {isa = PBXFileReference; lastKnownFileType = sourcecode.cpp.h; path = Lucene__.hpp; sourceTree = "<group>"; };
		92A2A0C7217D074F00EDF5DB /* Lucene__Priv.hpp */ = {isa = PBXFileReference; lastKnownFileType = sourcecode.cpp.h; path = Lucene__Priv.hpp; sourceTree = "<group>"; };
		92A2A0C9217D074F00EDF5DB /* Lucene__.cpp */ = {isa = PBXFileReference; lastKnownFileType = sourcecode.cpp.cpp; path = Lucene__.cpp; sourceTree = "<group>"; };
/* End PBXFileReference section */

/* Begin PBXFrameworksBuildPhase section */
		92A2A0C0217D074F00EDF5DB /* Frameworks */ = {
			isa = PBXFrameworksBuildPhase;
			buildActionMask = 2147483647;
			files = (
			);
			runOnlyForDeploymentPostprocessing = 0;
		};
/* End PBXFrameworksBuildPhase section */

/* Begin PBXGroup section */
		92A2A0B9217D074F00EDF5DB = {
			isa = PBXGroup;
			children = (
				92A2A0C4217D074F00EDF5DB /* Lucene++ */,
				92A2A0C3217D074F00EDF5DB /* Products */,
			);
			sourceTree = "<group>";
		};
		92A2A0C3217D074F00EDF5DB /* Products */ = {
			isa = PBXGroup;
			children = (
				92A2A0C2217D074F00EDF5DB /* libLucene++.a */,
			);
			name = Products;
			sourceTree = "<group>";
		};
		92A2A0C4217D074F00EDF5DB /* Lucene++ */ = {
			isa = PBXGroup;
			children = (
				92A2A0C5217D074F00EDF5DB /* Lucene__.hpp */,
				92A2A0C7217D074F00EDF5DB /* Lucene__Priv.hpp */,
				92A2A0C9217D074F00EDF5DB /* Lucene__.cpp */,
			);
			path = "Lucene++";
			sourceTree = "<group>";
		};
/* End PBXGroup section */

/* Begin PBXHeadersBuildPhase section */
		92A2A0BE217D074F00EDF5DB /* Headers */ = {
			isa = PBXHeadersBuildPhase;
			buildActionMask = 2147483647;
			files = (
				92A2A0C6217D074F00EDF5DB /* Lucene__.hpp in Headers */,
				92A2A0C8217D074F00EDF5DB /* Lucene__Priv.hpp in Headers */,
			);
			runOnlyForDeploymentPostprocessing = 0;
		};
/* End PBXHeadersBuildPhase section */

/* Begin PBXNativeTarget section */
		92A2A0C1217D074F00EDF5DB /* Lucene++ */ = {
			isa = PBXNativeTarget;
			buildConfigurationList = 92A2A0CD217D074F00EDF5DB /* Build configuration list for PBXNativeTarget "Lucene++" */;
			buildPhases = (
				92A2A0BE217D074F00EDF5DB /* Headers */,
				92A2A0BF217D074F00EDF5DB /* Sources */,
				92A2A0C0217D074F00EDF5DB /* Frameworks */,
			);
			buildRules = (
			);
			dependencies = (
			);
			name = "Lucene++";
			productName = "Lucene++";
			productReference = 92A2A0C2217D074F00EDF5DB /* libLucene++.a */;
			productType = "com.apple.product-type.library.static";
		};
/* End PBXNativeTarget section */

/* Begin PBXProject section */
		92A2A0BA217D074F00EDF5DB /* Project object */ = {
			isa = PBXProject;
			attributes = {
				LastUpgradeCheck = 1000;
				ORGANIZATIONNAME = "Syed Mamun Raihan";
				TargetAttributes = {
					92A2A0C1217D074F00EDF5DB = {
						CreatedOnToolsVersion = 10.0;
					};
				};
			};
			buildConfigurationList = 92A2A0BD217D074F00EDF5DB /* Build configuration list for PBXProject "Lucene++" */;
			compatibilityVersion = "Xcode 9.3";
			developmentRegion = en;
			hasScannedForEncodings = 0;
			knownRegions = (
				en,
			);
			mainGroup = 92A2A0B9217D074F00EDF5DB;
			productRefGroup = 92A2A0C3217D074F00EDF5DB /* Products */;
			projectDirPath = "";
			projectRoot = "";
			targets = (
				92A2A0C1217D074F00EDF5DB /* Lucene++ */,
			);
		};
/* End PBXProject section */

/* Begin PBXSourcesBuildPhase section */
		92A2A0BF217D074F00EDF5DB /* Sources */ = {
			isa = PBXSourcesBuildPhase;
			buildActionMask = 2147483647;
			files = (
				92A2A0CA217D074F00EDF5DB /* Lucene__.cpp in Sources */,
			);
			runOnlyForDeploymentPostprocessing = 0;
		};
/* End PBXSourcesBuildPhase section */

/* Begin XCBuildConfiguration section */
		92A2A0CB217D074F00EDF5DB /* Debug */ = {
			isa = XCBuildConfiguration;
			buildSettings = {
				ALWAYS_SEARCH_USER_PATHS = NO;
				CLANG_ANALYZER_NONNULL = YES;
				CLANG_ANALYZER_NUMBER_OBJECT_CONVERSION = YES_AGGRESSIVE;
				CLANG_CXX_LANGUAGE_STANDARD = "gnu++14";
				CLANG_CXX_LIBRARY = "libc++";
				CLANG_ENABLE_MODULES = YES;
				CLANG_ENABLE_OBJC_ARC = YES;
				CLANG_ENABLE_OBJC_WEAK = YES;
				CLANG_WARN_BLOCK_CAPTURE_AUTORELEASING = YES;
				CLANG_WARN_BOOL_CONVERSION = YES;
				CLANG_WARN_COMMA = YES;
				CLANG_WARN_CONSTANT_CONVERSION = YES;
				CLANG_WARN_DEPRECATED_OBJC_IMPLEMENTATIONS = YES;
				CLANG_WARN_DIRECT_OBJC_ISA_USAGE = YES_ERROR;
				CLANG_WARN_DOCUMENTATION_COMMENTS = YES;
				CLANG_WARN_EMPTY_BODY = YES;
				CLANG_WARN_ENUM_CONVERSION = YES;
				CLANG_WARN_INFINITE_RECURSION = YES;
				CLANG_WARN_INT_CONVERSION = YES;
				CLANG_WARN_NON_LITERAL_NULL_CONVERSION = YES;
				CLANG_WARN_OBJC_IMPLICIT_RETAIN_SELF = YES;
				CLANG_WARN_OBJC_LITERAL_CONVERSION = YES;
				CLANG_WARN_OBJC_ROOT_CLASS = YES_ERROR;
				CLANG_WARN_RANGE_LOOP_ANALYSIS = YES;
				CLANG_WARN_STRICT_PROTOTYPES = YES;
				CLANG_WARN_SUSPICIOUS_MOVE = YES;
				CLANG_WARN_UNGUARDED_AVAILABILITY = YES_AGGRESSIVE;
				CLANG_WARN_UNREACHABLE_CODE = YES;
				CLANG_WARN__DUPLICATE_METHOD_MATCH = YES;
				CODE_SIGN_IDENTITY = "-";
				COPY_PHASE_STRIP = NO;
				DEBUG_INFORMATION_FORMAT = dwarf;
				ENABLE_STRICT_OBJC_MSGSEND = YES;
				ENABLE_TESTABILITY = YES;
				GCC_C_LANGUAGE_STANDARD = gnu11;
				GCC_DYNAMIC_NO_PIC = NO;
				GCC_NO_COMMON_BLOCKS = YES;
				GCC_OPTIMIZATION_LEVEL = 0;
				GCC_PREPROCESSOR_DEFINITIONS = (
					"DEBUG=1",
					"$(inherited)",
				);
				GCC_WARN_64_TO_32_BIT_CONVERSION = YES;
				GCC_WARN_ABOUT_RETURN_TYPE = YES_ERROR;
				GCC_WARN_UNDECLARED_SELECTOR = YES;
				GCC_WARN_UNINITIALIZED_AUTOS = YES_AGGRESSIVE;
				GCC_WARN_UNUSED_FUNCTION = YES;
				GCC_WARN_UNUSED_VARIABLE = YES;
				MACOSX_DEPLOYMENT_TARGET = 10.14;
				MTL_ENABLE_DEBUG_INFO = INCLUDE_SOURCE;
				MTL_FAST_MATH = YES;
				ONLY_ACTIVE_ARCH = YES;
				SDKROOT = macosx;
			};
			name = Debug;
		};
		92A2A0CC217D074F00EDF5DB /* Release */ = {
			isa = XCBuildConfiguration;
			buildSettings = {
				ALWAYS_SEARCH_USER_PATHS = NO;
				CLANG_ANALYZER_NONNULL = YES;
				CLANG_ANALYZER_NUMBER_OBJECT_CONVERSION = YES_AGGRESSIVE;
				CLANG_CXX_LANGUAGE_STANDARD = "gnu++14";
				CLANG_CXX_LIBRARY = "libc++";
				CLANG_ENABLE_MODULES = YES;
				CLANG_ENABLE_OBJC_ARC = YES;
				CLANG_ENABLE_OBJC_WEAK = YES;
				CLANG_WARN_BLOCK_CAPTURE_AUTORELEASING = YES;
				CLANG_WARN_BOOL_CONVERSION = YES;
				CLANG_WARN_COMMA = YES;
				CLANG_WARN_CONSTANT_CONVERSION = YES;
				CLANG_WARN_DEPRECATED_OBJC_IMPLEMENTATIONS = YES;
				CLANG_WARN_DIRECT_OBJC_ISA_USAGE = YES_ERROR;
				CLANG_WARN_DOCUMENTATION_COMMENTS = YES;
				CLANG_WARN_EMPTY_BODY = YES;
				CLANG_WARN_ENUM_CONVERSION = YES;
				CLANG_WARN_INFINITE_RECURSION = YES;
				CLANG_WARN_INT_CONVERSION = YES;
				CLANG_WARN_NON_LITERAL_NULL_CONVERSION = YES;
				CLANG_WARN_OBJC_IMPLICIT_RETAIN_SELF = YES;
				CLANG_WARN_OBJC_LITERAL_CONVERSION = YES;
				CLANG_WARN_OBJC_ROOT_CLASS = YES_ERROR;
				CLANG_WARN_RANGE_LOOP_ANALYSIS = YES;
				CLANG_WARN_STRICT_PROTOTYPES = YES;
				CLANG_WARN_SUSPICIOUS_MOVE = YES;
				CLANG_WARN_UNGUARDED_AVAILABILITY = YES_AGGRESSIVE;
				CLANG_WARN_UNREACHABLE_CODE = YES;
				CLANG_WARN__DUPLICATE_METHOD_MATCH = YES;
				CODE_SIGN_IDENTITY = "-";
				COPY_PHASE_STRIP = NO;
				DEBUG_INFORMATION_FORMAT = "dwarf-with-dsym";
				ENABLE_NS_ASSERTIONS = NO;
				ENABLE_STRICT_OBJC_MSGSEND = YES;
				GCC_C_LANGUAGE_STANDARD = gnu11;
				GCC_NO_COMMON_BLOCKS = YES;
				GCC_WARN_64_TO_32_BIT_CONVERSION = YES;
				GCC_WARN_ABOUT_RETURN_TYPE = YES_ERROR;
				GCC_WARN_UNDECLARED_SELECTOR = YES;
				GCC_WARN_UNINITIALIZED_AUTOS = YES_AGGRESSIVE;
				GCC_WARN_UNUSED_FUNCTION = YES;
				GCC_WARN_UNUSED_VARIABLE = YES;
				MACOSX_DEPLOYMENT_TARGET = 10.14;
				MTL_ENABLE_DEBUG_INFO = NO;
				MTL_FAST_MATH = YES;
				SDKROOT = macosx;
			};
			name = Release;
		};
		92A2A0CE217D074F00EDF5DB /* Debug */ = {
			isa = XCBuildConfiguration;
			buildSettings = {
				CODE_SIGN_STYLE = Automatic;
				EXECUTABLE_PREFIX = lib;
				GCC_ENABLE_CPP_EXCEPTIONS = YES;
				GCC_ENABLE_CPP_RTTI = YES;
				PRODUCT_NAME = "$(TARGET_NAME)";
				SKIP_INSTALL = YES;
			};
			name = Debug;
		};
		92A2A0CF217D074F00EDF5DB /* Release */ = {
			isa = XCBuildConfiguration;
			buildSettings = {
				CODE_SIGN_STYLE = Automatic;
				EXECUTABLE_PREFIX = lib;
				GCC_ENABLE_CPP_EXCEPTIONS = YES;
				GCC_ENABLE_CPP_RTTI = YES;
				PRODUCT_NAME = "$(TARGET_NAME)";
				SKIP_INSTALL = YES;
			};
			name = Release;
		};
/* End XCBuildConfiguration section */

/* Begin XCConfigurationList section */
		92A2A0BD217D074F00EDF5DB /* Build configuration list for PBXProject "Lucene++" */ = {
			isa = XCConfigurationList;
			buildConfigurations = (
				92A2A0CB217D074F00EDF5DB /* Debug */,
				92A2A0CC217D074F00EDF5DB /* Release */,
			);
			defaultConfigurationIsVisible = 0;
			defaultConfigurationName = Release;
		};
		92A2A0CD217D074F00EDF5DB /* Build configuration list for PBXNativeTarget "Lucene++" */ = {
			isa = XCConfigurationList;
			buildConfigurations = (
				92A2A0CE217D074F00EDF5DB /* Debug */,
				92A2A0CF217D074F00EDF5DB /* Release */,
			);
			defaultConfigurationIsVisible = 0;
			defaultConfigurationName = Release;
		};
/* End XCConfigurationList section */
	};
	rootObject = 92A2A0BA217D074F00EDF5DB /* Project object */;
}
